
Microsoft Visual Studio Solution File, Format Version 12.00
# Visual Studio Version 17
VisualStudioVersion = 17.9.34902.65
MinimumVisualStudioVersion = 10.0.40219.1
Project("{FAE04EC0-301F-11D3-BF4B-00C04F79EFBC}") = "ExpenseTracker", "ExpenseTracker\ExpenseTracker.csproj", "{3132B9FE-16AC-4B03-8805-877693C0A81E}"
EndProject
Global
	GlobalSection(SolutionConfigurationPlatforms) = preSolution
		Debug|Any CPU = Debug|Any CPU
		Release|Any CPU = Release|Any CPU
	EndGlobalSection
	GlobalSection(ProjectConfigurationPlatforms) = postSolution
		{3132B9FE-16AC-4B03-8805-877693C0A81E}.Debug|Any CPU.ActiveCfg = Debug|Any CPU
		{3132B9FE-16AC-4B03-8805-877693C0A81E}.Debug|Any CPU.Build.0 = Debug|Any CPU
		{3132B9FE-16AC-4B03-8805-877693C0A81E}.Release|Any CPU.ActiveCfg = Release|Any CPU
		{3132B9FE-16AC-4B03-8805-877693C0A81E}.Release|Any CPU.Build.0 = Release|Any CPU
	EndGlobalSection
	GlobalSection(SolutionProperties) = preSolution
		HideSolutionNode = FALSE
	EndGlobalSection
	GlobalSection(ExtensibilityGlobals) = postSolution
		SolutionGuid = {59BBACB3-D345-468E-91DC-2A927BF38DA3}
	EndGlobalSection
EndGlobal
